Microsoft Visual Studio Solution File, Format Version 12.00
# Visual Studio Version 17
VisualStudioVersion = 17.13.35818.85
MinimumVisualStudioVersion = 10.0.40219.1
Project("{FAE04EC0-301F-11D3-BF4B-00C04F79EFBC}") = "RagnarokGasolin", "RagnarokGasolin\RagnarokGasolin.csproj", "{0FA54172-73B2-4B4B-A193-F46739ABD8D9}"
EndProject
Global
	GlobalSection(SolutionConfigurationPlatforms) = preSolution
		Debug|Any CPU = Debug|Any CPU
		Release|Any CPU = Release|Any CPU
	EndGlobalSection
	GlobalSection(ProjectConfigurationPlatforms) = postSolution
		{0FA54172-73B2-4B4B-A193-F46739ABD8D9}.Debug|Any CPU.ActiveCfg = Debug|Any CPU
		{0FA54172-73B2-4B4B-A193-F46739ABD8D9}.Debug|Any CPU.Build.0 = Debug|Any CPU
		{0FA54172-73B2-4B4B-A193-F46739ABD8D9}.Release|Any CPU.ActiveCfg = Release|Any CPU
		{0FA54172-73B2-4B4B-A193-F46739ABD8D9}.Release|Any CPU.Build.0 = Release|Any CPU
	EndGlobalSection
	GlobalSection(SolutionProperties) = preSolution
		HideSolutionNode = FALSE
	EndGlobalSection
	GlobalSection(ExtensibilityGlobals) = postSolution
		SolutionGuid = {A2DD9CF7-4BF2-43A5-94E3-02F932664DEE}
	EndGlobalSection
EndGlobal
